
Microsoft Visual Studio Solution File, Format Version 9.00
# Visual Studio 2005
Project("{FAE04EC0-301F-11D3-BF4B-00C04F79EFBC}") = "SecondOpinionMain", "SecondOpinionMain.csproj", "{6C0E750C-9004-42FA-A48E-C20DA6CF749D}"
EndProject
Project("{2150E333-8FDC-42A3-9474-1A3956D46DE8}") = "Solution Items", "Solution Items", "{BE1929B6-5ACE-4DC7-9B23-9B1B68943A9E}"
	ProjectSection(SolutionItems) = preProject
		SecondOpinionMain.userprefs = SecondOpinionMain.userprefs
		SecondOpinionMain.csproj = SecondOpinionMain.csproj
		SecondOpinionMain.sln = SecondOpinionMain.sln
		appsettings.Development.json = appsettings.Development.json
		appsettings.json = appsettings.json
		global.json = global.json
		Program.cs = Program.cs
		README.md = README.md
		Startup.cs = Startup.cs
		web.config = web.config
	EndProjectSection
EndProject
Global
	GlobalSection(SolutionConfigurationPlatforms) = preSolution
	EndGlobalSection
	GlobalSection(ProjectConfigurationPlatforms) = postSolution
	EndGlobalSection
EndGlobal
